<?xml version="1.0" encoding="utf-8"?>
<Project ToolsVersion="4.0" xmlns="http://schemas.microsoft.com/developer/msbuild/2003">
  <ItemGroup>
    <Filter Include="Source Files">
      <UniqueIdentifier>{4FC737F1-C7A5-4376-A066-2A32D752A2FF}</UniqueIdentifier>
      <Extensions>cpp;c;cc;cxx;def;odl;idl;hpj;bat;asm;asmx</Extensions>
    </Filter>
    <Filter Include="Header Files">
      <UniqueIdentifier>{93995380-89BD-4b04-88EB-625FBE52EBFB}</UniqueIdentifier>
      <Extensions>h;hh;hpp;hxx;hm;inl;inc;xsd</Extensions>
    </Filter>
    <Filter Include="Resource Files">
      <UniqueIdentifier>{67DA6AB6-F800-4c08-8B7A-83BB121AAD01}</UniqueIdentifier>
      <Extensions>rc;ico;cur;bmp;dlg;rc2;rct;bin;rgs;gif;jpg;jpeg;jpe;resx;tiff;tif;png;wav;mfcribbon-ms</Extensions>
    </Filter>
    <Filter Include="Source Files\joueur">
      <UniqueIdentifier>{cdfe4af3-2902-4247-8326-dc5fd0fe8c20}</UniqueIdentifier>
    </Filter>
    <Filter Include="Header Files\joueur">
      <UniqueIdentifier>{a754de7c-a936-45d0-8cbd-8679142160a7}</UniqueIdentifier>
    </Filter>
    <Filter Include="Header Files\games">
      <UniqueIdentifier>{0d3dcfb6-8153-496e-b5a7-a36b81141e9d}</UniqueIdentifier>
    </Filter>
    <Filter Include="Source Files\games">
      <UniqueIdentifier>{f6d2bff6-c25f-4ec9-9333-6f884293f5c5}</UniqueIdentifier>
    </Filter>
    <Filter Include="Header Files\games\checkers">
      <UniqueIdentifier>{2d08e3d3-33a1-49ce-a013-a2daee5b2f1c}</UniqueIdentifier>
    </Filter>
    <Filter Include="Source Files\games\checkers">
      <UniqueIdentifier>{dbd2b3e6-a9c4-4b7d-80d2-e5c39abb4560}</UniqueIdentifier>
    </Filter>
  </ItemGroup>
  <ItemGroup>
    <ClInclude Include="currentGame.h">
      <Filter>Source Files</Filter>
    </ClInclude>
    <ClInclude Include="joueur\baseAI.h">
      <Filter>Header Files\joueur</Filter>
    </ClInclude>
    <ClInclude Include="joueur\baseGame.h">
      <Filter>Header Files\joueur</Filter>
    </ClInclude>
    <ClInclude Include="joueur\baseGameObject.h">
      <Filter>Header Files\joueur</Filter>
    </ClInclude>
    <ClInclude Include="joueur\client.h">
      <Filter>Header Files\joueur</Filter>
    </ClInclude>
    <ClInclude Include="joueur\joueur.h">
      <Filter>Header Files\joueur</Filter>
    </ClInclude>
    <ClInclude Include="games\checkers\ai.h">
      <Filter>Header Files\games\checkers</Filter>
    </ClInclude>
    <ClInclude Include="games\checkers\checkers.h">
      <Filter>Header Files\games\checkers</Filter>
    </ClInclude>
    <ClInclude Include="games\checkers\game.h">
      <Filter>Header Files\games\checkers</Filter>
    </ClInclude>
    <ClInclude Include="joueur\errorCode.h">
      <Filter>Header Files\joueur</Filter>
    </ClInclude>
    <ClInclude Include="joueur\gameManager.h">
      <Filter>Header Files\joueur</Filter>
    </ClInclude>
    <ClInclude Include="games\checkers\gameManager.h">
      <Filter>Header Files\games\checkers</Filter>
    </ClInclude>
    <ClInclude Include="games\checkers\checker.h">
      <Filter>Header Files\games\checkers</Filter>
    </ClInclude>
    <ClInclude Include="games\checkers\gameObject.h">
      <Filter>Header Files\games\checkers</Filter>
    </ClInclude>
    <ClInclude Include="games\checkers\player.h">
      <Filter>Header Files\games\checkers</Filter>
    </ClInclude>
    <ClInclude Include="joueur\deltaMergeable.h">
      <Filter>Header Files\joueur</Filter>
    </ClInclude>
    <ClInclude Include="joueur\basePlayer.h">
      <Filter>Header Files\joueur</Filter>
    </ClInclude>
  </ItemGroup>
  <ItemGroup>
    <ClCompile Include="main.cpp">
      <Filter>Source Files</Filter>
    </ClCompile>
    <ClCompile Include="joueur\baseAI.cpp">
      <Filter>Source Files\joueur</Filter>
    </ClCompile>
    <ClCompile Include="joueur\baseGame.cpp">
      <Filter>Source Files\joueur</Filter>
    </ClCompile>
    <ClCompile Include="joueur\baseGameObject.cpp">
      <Filter>Source Files\joueur</Filter>
    </ClCompile>
    <ClCompile Include="joueur\client.cpp">
      <Filter>Source Files\joueur</Filter>
    </ClCompile>
    <ClCompile Include="games\checkers\ai.cpp">
      <Filter>Source Files\games\checkers</Filter>
    </ClCompile>
    <ClCompile Include="games\checkers\game.cpp">
      <Filter>Source Files\games\checkers</Filter>
    </ClCompile>
    <ClCompile Include="joueur\gameManager.cpp">
      <Filter>Source Files\joueur</Filter>
    </ClCompile>
    <ClCompile Include="games\checkers\gameManager.cpp">
      <Filter>Source Files\games\checkers</Filter>
    </ClCompile>
    <ClCompile Include="games\checkers\checker.cpp">
      <Filter>Source Files\games\checkers</Filter>
    </ClCompile>
    <ClCompile Include="games\checkers\gameObject.cpp">
      <Filter>Source Files\games\checkers</Filter>
    </ClCompile>
    <ClCompile Include="games\checkers\player.cpp">
      <Filter>Source Files\games\checkers</Filter>
    </ClCompile>
    <ClCompile Include="joueur\deltaMergeable.cpp">
      <Filter>Source Files\joueur</Filter>
    </ClCompile>
  </ItemGroup>
</Project>